
Microsoft Visual Studio Solution File, Format Version 12.00
# Visual Studio 14
VisualStudioVersion = 14.0.23107.0
MinimumVisualStudioVersion = 10.0.40219.1
Project("{FAE04EC0-301F-11D3-BF4B-00C04F79EFBC}") = "Cniitei.Authorization", "Cniitei.Authorization\Cniitei.Authorization.csproj", "{5F0BA7BA-93F1-44EC-A56D-48E1809CC806}"
EndProject
Project("{FAE04EC0-301F-11D3-BF4B-00C04F79EFBC}") = "Cniitei.Authorization.Tests", "Cniitei.Authorization.Tests\Cniitei.Authorization.Tests.csproj", "{623353E0-98EB-4B75-AC43-EA6990E25183}"
EndProject
Global
	GlobalSection(SolutionConfigurationPlatforms) = preSolution
		Debug|Any CPU = Debug|Any CPU
		Release|Any CPU = Release|Any CPU
	EndGlobalSection
	GlobalSection(ProjectConfigurationPlatforms) = postSolution
		{5F0BA7BA-93F1-44EC-A56D-48E1809CC806}.Debug|Any CPU.ActiveCfg = Debug|Any CPU
		{5F0BA7BA-93F1-44EC-A56D-48E1809CC806}.Debug|Any CPU.Build.0 = Debug|Any CPU
		{5F0BA7BA-93F1-44EC-A56D-48E1809CC806}.Release|Any CPU.ActiveCfg = Release|Any CPU
		{5F0BA7BA-93F1-44EC-A56D-48E1809CC806}.Release|Any CPU.Build.0 = Release|Any CPU
		{623353E0-98EB-4B75-AC43-EA6990E25183}.Debug|Any CPU.ActiveCfg = Debug|Any CPU
		{623353E0-98EB-4B75-AC43-EA6990E25183}.Debug|Any CPU.Build.0 = Debug|Any CPU
		{623353E0-98EB-4B75-AC43-EA6990E25183}.Release|Any CPU.ActiveCfg = Release|Any CPU
		{623353E0-98EB-4B75-AC43-EA6990E25183}.Release|Any CPU.Build.0 = Release|Any CPU
	EndGlobalSection
	GlobalSection(SolutionProperties) = preSolution
		HideSolutionNode = FALSE
	EndGlobalSection
EndGlobal
